// !$*UTF8*$!
{
	archiveVersion = 1;
	classes = {
	};
	objectVersion = 48;
	objects = {

/* Begin PBXBuildFile section */
		D20347D821AB9070009DE1D4 /* AppDelegate.m in Sources */ = {isa = PBXBuildFile; fileRef = D20347D721AB9070009DE1D4 /* AppDelegate.m */; };
		D20347DB21AB9070009DE1D4 /* ViewController.m in Sources */ = {isa = PBXBuildFile; fileRef = D20347DA21AB9070009DE1D4 /* ViewController.m */; };
		D20347DE21AB9070009DE1D4 /* Main.storyboard in Resources */ = {isa = PBXBuildFile; fileRef = D20347DC21AB9070009DE1D4 /* Main.storyboard */; };
		D20347E021AB9070009DE1D4 /* Assets.xcassets in Resources */ = {isa = PBXBuildFile; fileRef = D20347DF21AB9070009DE1D4 /* Assets.xcassets */; };
		D20347E321AB9070009DE1D4 /* LaunchScreen.storyboard in Resources */ = {isa = PBXBuildFile; fileRef = D20347E121AB9070009DE1D4 /* LaunchScreen.storyboard */; };
		D20347E621AB9070009DE1D4 /* main.m in Sources */ = {isa = PBXBuildFile; fileRef = D20347E521AB9070009DE1D4 /* main.m */; };
		D20347F021AB9070009DE1D4 /* ___layoutTests.m in Sources */ = {isa = PBXBuildFile; fileRef = D20347EF21AB9070009DE1D4 /* ___layoutTests.m */; };
		D20347FB21AB9070009DE1D4 /* ___layoutUITests.m in Sources */ = {isa = PBXBuildFile; fileRef = D20347FA21AB9070009DE1D4 /* ___layoutUITests.m */; };
		D203480A21ABC4BA009DE1D4 /* SSCollectionViewLayout.m in Sources */ = {isa = PBXBuildFile; fileRef = D203480921ABC4BA009DE1D4 /* SSCollectionViewLayout.m */; };
/* End PBXBuildFile section */

/* Begin PBXContainerItemProxy section */
		D20347EC21AB9070009DE1D4 /* PBXContainerItemProxy */ = {
			isa = PBXContainerItemProxy;
			containerPortal = D20347CB21AB9070009DE1D4 /* Project object */;
			proxyType = 1;
			remoteGlobalIDString = D20347D221AB9070009DE1D4;
			remoteInfo = "自定义layout";
		};
		D20347F721AB9070009DE1D4 /* PBXContainerItemProxy */ = {
			isa = PBXContainerItemProxy;
			containerPortal = D20347CB21AB9070009DE1D4 /* Project object */;
			proxyType = 1;
			remoteGlobalIDString = D20347D221AB9070009DE1D4;
			remoteInfo = "自定义layout";
		};
/* End PBXContainerItemProxy section */

/* Begin PBXFileReference section */
		D20347D321AB9070009DE1D4 /* 自定义layout.app */ = {isa = PBXFileReference; explicitFileType = wrapper.application; includeInIndex = 0; path = "自定义layout.app"; sourceTree = BUILT_PRODUCTS_DIR; };
		D20347D621AB9070009DE1D4 /* AppDelegate.h */ = {isa = PBXFileReference; lastKnownFileType = sourcecode.c.h; path = AppDelegate.h; sourceTree = "<group>"; };
		D20347D721AB9070009DE1D4 /* AppDelegate.m */ = {isa = PBXFileReference; lastKnownFileType = sourcecode.c.objc; path = AppDelegate.m; sourceTree = "<group>"; };
		D20347D921AB9070009DE1D4 /* ViewController.h */ = {isa = PBXFileReference; lastKnownFileType = sourcecode.c.h; path = ViewController.h; sourceTree = "<group>"; };
		D20347DA21AB9070009DE1D4 /* ViewController.m */ = {isa = PBXFileReference; lastKnownFileType = sourcecode.c.objc; path = ViewController.m; sourceTree = "<group>"; };
		D20347DD21AB9070009DE1D4 /* Base */ = {isa = PBXFileReference; lastKnownFileType = file.storyboard; name = Base; path = Base.lproj/Main.storyboard; sourceTree = "<group>"; };
		D20347DF21AB9070009DE1D4 /* Assets.xcassets */ = {isa = PBXFileReference; lastKnownFileType = folder.assetcatalog; path = Assets.xcassets; sourceTree = "<group>"; };
		D20347E221AB9070009DE1D4 /* Base */ = {isa = PBXFileReference; lastKnownFileType = file.storyboard; name = Base; path = Base.lproj/LaunchScreen.storyboard; sourceTree = "<group>"; };
		D20347E421AB9070009DE1D4 /* Info.plist */ = {isa = PBXFileReference; lastKnownFileType = text.plist.xml; path = Info.plist; sourceTree = "<group>"; };
		D20347E521AB9070009DE1D4 /* main.m */ = {isa = PBXFileReference; lastKnownFileType = sourcecode.c.objc; path = main.m; sourceTree = "<group>"; };
		D20347EB21AB9070009DE1D4 /* 自定义layoutTests.xctest */ = {isa = PBXFileReference; explicitFileType = wrapper.cfbundle; includeInIndex = 0; path = "自定义layoutTests.xctest"; sourceTree = BUILT_PRODUCTS_DIR; };
		D20347EF21AB9070009DE1D4 /* ___layoutTests.m */ = {isa = PBXFileReference; lastKnownFileType = sourcecode.c.objc; path = "___layoutTests.m"; sourceTree = "<group>"; };
		D20347F121AB9070009DE1D4 /* Info.plist */ = {isa = PBXFileReference; lastKnownFileType = text.plist.xml; path = Info.plist; sourceTree = "<group>"; };
		D20347F621AB9070009DE1D4 /* 自定义layoutUITests.xctest */ = {isa = PBXFileReference; explicitFileType = wrapper.cfbundle; includeInIndex = 0; path = "自定义layoutUITests.xctest"; sourceTree = BUILT_PRODUCTS_DIR; };
		D20347FA21AB9070009DE1D4 /* ___layoutUITests.m */ = {isa = PBXFileReference; lastKnownFileType = sourcecode.c.objc; path = "___layoutUITests.m"; sourceTree = "<group>"; };
		D20347FC21AB9070009DE1D4 /* Info.plist */ = {isa = PBXFileReference; lastKnownFileType = text.plist.xml; path = Info.plist; sourceTree = "<group>"; };
		D203480821ABC4BA009DE1D4 /* SSCollectionViewLayout.h */ = {isa = PBXFileReference; lastKnownFileType = sourcecode.c.h; path = SSCollectionViewLayout.h; sourceTree = "<group>"; };
		D203480921ABC4BA009DE1D4 /* SSCollectionViewLayout.m */ = {isa = PBXFileReference; lastKnownFileType = sourcecode.c.objc; path = SSCollectionViewLayout.m; sourceTree = "<group>"; };
/* End PBXFileReference section */

/* Begin PBXFrameworksBuildPhase section */
		D20347D021AB9070009DE1D4 /* Frameworks */ = {
			isa = PBXFrameworksBuildPhase;
			buildActionMask = 2147483647;
			files = (
			);
			runOnlyForDeploymentPostprocessing = 0;
		};
		D20347E821AB9070009DE1D4 /* Frameworks */ = {
			isa = PBXFrameworksBuildPhase;
			buildActionMask = 2147483647;
			files = (
			);
			runOnlyForDeploymentPostprocessing = 0;
		};
		D20347F321AB9070009DE1D4 /* Frameworks */ = {
			isa = PBXFrameworksBuildPhase;
			buildActionMask = 2147483647;
			files = (
			);
			runOnlyForDeploymentPostprocessing = 0;
		};
/* End PBXFrameworksBuildPhase section */

/* Begin PBXGroup section */
		D20347CA21AB9070009DE1D4 = {
			isa = PBXGroup;
			children = (
				D20347D521AB9070009DE1D4 /* 自定义layout */,
				D20347EE21AB9070009DE1D4 /* 自定义layoutTests */,
				D20347F921AB9070009DE1D4 /* 自定义layoutUITests */,
				D20347D421AB9070009DE1D4 /* Products */,
			);
			sourceTree = "<group>";
		};
		D20347D421AB9070009DE1D4 /* Products */ = {
			isa = PBXGroup;
			children = (
				D20347D321AB9070009DE1D4 /* 自定义layout.app */,
				D20347EB21AB9070009DE1D4 /* 自定义layoutTests.xctest */,
				D20347F621AB9070009DE1D4 /* 自定义layoutUITests.xctest */,
			);
			name = Products;
			sourceTree = "<group>";
		};
		D20347D521AB9070009DE1D4 /* 自定义layout */ = {
			isa = PBXGroup;
			children = (
				D20347D621AB9070009DE1D4 /* AppDelegate.h */,
				D20347D721AB9070009DE1D4 /* AppDelegate.m */,
				D20347D921AB9070009DE1D4 /* ViewController.h */,
				D20347DA21AB9070009DE1D4 /* ViewController.m */,
				D203480821ABC4BA009DE1D4 /* SSCollectionViewLayout.h */,
				D203480921ABC4BA009DE1D4 /* SSCollectionViewLayout.m */,
				D20347DC21AB9070009DE1D4 /* Main.storyboard */,
				D20347DF21AB9070009DE1D4 /* Assets.xcassets */,
				D20347E121AB9070009DE1D4 /* LaunchScreen.storyboard */,
				D20347E421AB9070009DE1D4 /* Info.plist */,
				D20347E521AB9070009DE1D4 /* main.m */,
			);
			path = "自定义layout";
			sourceTree = "<group>";
		};
		D20347EE21AB9070009DE1D4 /* 自定义layoutTests */ = {
			isa = PBXGroup;
			children = (
				D20347EF21AB9070009DE1D4 /* ___layoutTests.m */,
				D20347F121AB9070009DE1D4 /* Info.plist */,
			);
			path = "自定义layoutTests";
			sourceTree = "<group>";
		};
		D20347F921AB9070009DE1D4 /* 自定义layoutUITests */ = {
			isa = PBXGroup;
			children = (
				D20347FA21AB9070009DE1D4 /* ___layoutUITests.m */,
				D20347FC21AB9070009DE1D4 /* Info.plist */,
			);
			path = "自定义layoutUITests";
			sourceTree = "<group>";
		};
/* End PBXGroup section */

/* Begin PBXNativeTarget section */
		D20347D221AB9070009DE1D4 /* 自定义layout */ = {
			isa = PBXNativeTarget;
			buildConfigurationList = D20347FF21AB9070009DE1D4 /* Build configuration list for PBXNativeTarget "自定义layout" */;
			buildPhases = (
				D20347CF21AB9070009DE1D4 /* Sources */,
				D20347D021AB9070009DE1D4 /* Frameworks */,
				D20347D121AB9070009DE1D4 /* Resources */,
			);
			buildRules = (
			);
			dependencies = (
			);
			name = "自定义layout";
			productName = "自定义layout";
			productReference = D20347D321AB9070009DE1D4 /* 自定义layout.app */;
			productType = "com.apple.product-type.application";
		};
		D20347EA21AB9070009DE1D4 /* 自定义layoutTests */ = {
			isa = PBXNativeTarget;
			buildConfigurationList = D203480221AB9070009DE1D4 /* Build configuration list for PBXNativeTarget "自定义layoutTests" */;
			buildPhases = (
				D20347E721AB9070009DE1D4 /* Sources */,
				D20347E821AB9070009DE1D4 /* Frameworks */,
				D20347E921AB9070009DE1D4 /* Resources */,
			);
			buildRules = (
			);
			dependencies = (
				D20347ED21AB9070009DE1D4 /* PBXTargetDependency */,
			);
			name = "自定义layoutTests";
			productName = "自定义layoutTests";
			productReference = D20347EB21AB9070009DE1D4 /* 自定义layoutTests.xctest */;
			productType = "com.apple.product-type.bundle.unit-test";
		};
		D20347F521AB9070009DE1D4 /* 自定义layoutUITests */ = {
			isa = PBXNativeTarget;
			buildConfigurationList = D203480521AB9070009DE1D4 /* Build configuration list for PBXNativeTarget "自定义layoutUITests" */;
			buildPhases = (
				D20347F221AB9070009DE1D4 /* Sources */,
				D20347F321AB9070009DE1D4 /* Frameworks */,
				D20347F421AB9070009DE1D4 /* Resources */,
			);
			buildRules = (
			);
			dependencies = (
				D20347F821AB9070009DE1D4 /* PBXTargetDependency */,
			);
			name = "自定义layoutUITests";
			productName = "自定义layoutUITests";
			productReference = D20347F621AB9070009DE1D4 /* 自定义layoutUITests.xctest */;
			productType = "com.apple.product-type.bundle.ui-testing";
		};
/* End PBXNativeTarget section */

/* Begin PBXProject section */
		D20347CB21AB9070009DE1D4 /* Project object */ = {
			isa = PBXProject;
			attributes = {
				LastUpgradeCheck = 0920;
				ORGANIZATIONNAME = YD;
				TargetAttributes = {
					D20347D221AB9070009DE1D4 = {
						CreatedOnToolsVersion = 9.2;
						ProvisioningStyle = Automatic;
					};
					D20347EA21AB9070009DE1D4 = {
						CreatedOnToolsVersion = 9.2;
						ProvisioningStyle = Automatic;
						TestTargetID = D20347D221AB9070009DE1D4;
					};
					D20347F521AB9070009DE1D4 = {
						CreatedOnToolsVersion = 9.2;
						ProvisioningStyle = Automatic;
						TestTargetID = D20347D221AB9070009DE1D4;
					};
				};
			};
			buildConfigurationList = D20347CE21AB9070009DE1D4 /* Build configuration list for PBXProject "自定义layout" */;
			compatibilityVersion = "Xcode 8.0";
			developmentRegion = en;
			hasScannedForEncodings = 0;
			knownRegions = (
				en,
				Base,
			);
			mainGroup = D20347CA21AB9070009DE1D4;
			productRefGroup = D20347D421AB9070009DE1D4 /* Products */;
			projectDirPath = "";
			projectRoot = "";
			targets = (
				D20347D221AB9070009DE1D4 /* 自定义layout */,
				D20347EA21AB9070009DE1D4 /* 自定义layoutTests */,
				D20347F521AB9070009DE1D4 /* 自定义layoutUITests */,
			);
		};
/* End PBXProject section */

/* Begin PBXResourcesBuildPhase section */
		D20347D121AB9070009DE1D4 /* Resources */ = {
			isa = PBXResourcesBuildPhase;
			buildActionMask = 2147483647;
			files = (
				D20347E321AB9070009DE1D4 /* LaunchScreen.storyboard in Resources */,
				D20347E021AB9070009DE1D4 /* Assets.xcassets in Resources */,
				D20347DE21AB9070009DE1D4 /* Main.storyboard in Resources */,
			);
			runOnlyForDeploymentPostprocessing = 0;
		};
		D20347E921AB9070009DE1D4 /* Resources */ = {
			isa = PBXResourcesBuildPhase;
			buildActionMask = 2147483647;
			files = (
			);
			runOnlyForDeploymentPostprocessing = 0;
		};
		D20347F421AB9070009DE1D4 /* Resources */ = {
			isa = PBXResourcesBuildPhase;
			buildActionMask = 2147483647;
			files = (
			);
			runOnlyForDeploymentPostprocessing = 0;
		};
/* End PBXResourcesBuildPhase section */

/* Begin PBXSourcesBuildPhase section */
		D20347CF21AB9070009DE1D4 /* Sources */ = {
			isa = PBXSourcesBuildPhase;
			buildActionMask = 2147483647;
			files = (
				D20347DB21AB9070009DE1D4 /* ViewController.m in Sources */,
				D20347E621AB9070009DE1D4 /* main.m in Sources */,
				D203480A21ABC4BA009DE1D4 /* SSCollectionViewLayout.m in Sources */,
				D20347D821AB9070009DE1D4 /* AppDelegate.m in Sources */,
			);
			runOnlyForDeploymentPostprocessing = 0;
		};
		D20347E721AB9070009DE1D4 /* Sources */ = {
			isa = PBXSourcesBuildPhase;
			buildActionMask = 2147483647;
			files = (
				D20347F021AB9070009DE1D4 /* ___layoutTests.m in Sources */,
			);
			runOnlyForDeploymentPostprocessing = 0;
		};
		D20347F221AB9070009DE1D4 /* Sources */ = {
			isa = PBXSourcesBuildPhase;
			buildActionMask = 2147483647;
			files = (
				D20347FB21AB9070009DE1D4 /* ___layoutUITests.m in Sources */,
			);
			runOnlyForDeploymentPostprocessing = 0;
		};
/* End PBXSourcesBuildPhase section */

/* Begin PBXTargetDependency section */
		D20347ED21AB9070009DE1D4 /* PBXTargetDependency */ = {
			isa = PBXTargetDependency;
			target = D20347D221AB9070009DE1D4 /* 自定义layout */;
			targetProxy = D20347EC21AB9070009DE1D4 /* PBXContainerItemProxy */;
		};
		D20347F821AB9070009DE1D4 /* PBXTargetDependency */ = {
			isa = PBXTargetDependency;
			target = D20347D221AB9070009DE1D4 /* 自定义layout */;
			targetProxy = D20347F721AB9070009DE1D4 /* PBXContainerItemProxy */;
		};
/* End PBXTargetDependency section */

/* Begin PBXVariantGroup section */
		D20347DC21AB9070009DE1D4 /* Main.storyboard */ = {
			isa = PBXVariantGroup;
			children = (
				D20347DD21AB9070009DE1D4 /* Base */,
			);
			name = Main.storyboard;
			sourceTree = "<group>";
		};
		D20347E121AB9070009DE1D4 /* LaunchScreen.storyboard */ = {
			isa = PBXVariantGroup;
			children = (
				D20347E221AB9070009DE1D4 /* Base */,
			);
			name = LaunchScreen.storyboard;
			sourceTree = "<group>";
		};
/* End PBXVariantGroup section */

/* Begin XCBuildConfiguration section */
		D20347FD21AB9070009DE1D4 /* Debug */ = {
			isa = XCBuildConfiguration;
			buildSettings = {
				ALWAYS_SEARCH_USER_PATHS = NO;
				CLANG_ANALYZER_NONNULL = YES;
				CLANG_ANALYZER_NUMBER_OBJECT_CONVERSION = YES_AGGRESSIVE;
				CLANG_CXX_LANGUAGE_STANDARD = "gnu++14";
				CLANG_CXX_LIBRARY = "libc++";
				CLANG_ENABLE_MODULES = YES;
				CLANG_ENABLE_OBJC_ARC = YES;
				CLANG_WARN_BLOCK_CAPTURE_AUTORELEASING = YES;
				CLANG_WARN_BOOL_CONVERSION = YES;
				CLANG_WARN_COMMA = YES;
				CLANG_WARN_CONSTANT_CONVERSION = YES;
				CLANG_WARN_DIRECT_OBJC_ISA_USAGE = YES_ERROR;
				CLANG_WARN_DOCUMENTATION_COMMENTS = YES;
				CLANG_WARN_EMPTY_BODY = YES;
				CLANG_WARN_ENUM_CONVERSION = YES;
				CLANG_WARN_INFINITE_RECURSION = YES;
				CLANG_WARN_INT_CONVERSION = YES;
				CLANG_WARN_NON_LITERAL_NULL_CONVERSION = YES;
				CLANG_WARN_OBJC_LITERAL_CONVERSION = YES;
				CLANG_WARN_OBJC_ROOT_CLASS = YES_ERROR;
				CLANG_WARN_RANGE_LOOP_ANALYSIS = YES;
				CLANG_WARN_STRICT_PROTOTYPES = YES;
				CLANG_WARN_SUSPICIOUS_MOVE = YES;
				CLANG_WARN_UNGUARDED_AVAILABILITY = YES_AGGRESSIVE;
				CLANG_WARN_UNREACHABLE_CODE = YES;
				CLANG_WARN__DUPLICATE_METHOD_MATCH = YES;
				CODE_SIGN_IDENTITY = "iPhone Developer";
				COPY_PHASE_STRIP = NO;
				DEBUG_INFORMATION_FORMAT = dwarf;
				ENABLE_STRICT_OBJC_MSGSEND = YES;
				ENABLE_TESTABILITY = YES;
				GCC_C_LANGUAGE_STANDARD = gnu11;
				GCC_DYNAMIC_NO_PIC = NO;
				GCC_NO_COMMON_BLOCKS = YES;
				GCC_OPTIMIZATION_LEVEL = 0;
				GCC_PREPROCESSOR_DEFINITIONS = (
					"DEBUG=1",
					"$(inherited)",
				);
				GCC_WARN_64_TO_32_BIT_CONVERSION = YES;
				GCC_WARN_ABOUT_RETURN_TYPE = YES_ERROR;
				GCC_WARN_UNDECLARED_SELECTOR = YES;
				GCC_WARN_UNINITIALIZED_AUTOS = YES_AGGRESSIVE;
				GCC_WARN_UNUSED_FUNCTION = YES;
				GCC_WARN_UNUSED_VARIABLE = YES;
				IPHONEOS_DEPLOYMENT_TARGET = 11.2;
				MTL_ENABLE_DEBUG_INFO = YES;
				ONLY_ACTIVE_ARCH = YES;
				SDKROOT = iphoneos;
			};
			name = Debug;
		};
		D20347FE21AB9070009DE1D4 /* Release */ = {
			isa = XCBuildConfiguration;
			buildSettings = {
				ALWAYS_SEARCH_USER_PATHS = NO;
				CLANG_ANALYZER_NONNULL = YES;
				CLANG_ANALYZER_NUMBER_OBJECT_CONVERSION = YES_AGGRESSIVE;
				CLANG_CXX_LANGUAGE_STANDARD = "gnu++14";
				CLANG_CXX_LIBRARY = "libc++";
				CLANG_ENABLE_MODULES = YES;
				CLANG_ENABLE_OBJC_ARC = YES;
				CLANG_WARN_BLOCK_CAPTURE_AUTORELEASING = YES;
				CLANG_WARN_BOOL_CONVERSION = YES;
				CLANG_WARN_COMMA = YES;
				CLANG_WARN_CONSTANT_CONVERSION = YES;
				CLANG_WARN_DIRECT_OBJC_ISA_USAGE = YES_ERROR;
				CLANG_WARN_DOCUMENTATION_COMMENTS = YES;
				CLANG_WARN_EMPTY_BODY = YES;
				CLANG_WARN_ENUM_CONVERSION = YES;
				CLANG_WARN_INFINITE_RECURSION = YES;
				CLANG_WARN_INT_CONVERSION = YES;
				CLANG_WARN_NON_LITERAL_NULL_CONVERSION = YES;
				CLANG_WARN_OBJC_LITERAL_CONVERSION = YES;
				CLANG_WARN_OBJC_ROOT_CLASS = YES_ERROR;
				CLANG_WARN_RANGE_LOOP_ANALYSIS = YES;
				CLANG_WARN_STRICT_PROTOTYPES = YES;
				CLANG_WARN_SUSPICIOUS_MOVE = YES;
				CLANG_WARN_UNGUARDED_AVAILABILITY = YES_AGGRESSIVE;
				CLANG_WARN_UNREACHABLE_CODE = YES;
				CLANG_WARN__DUPLICATE_METHOD_MATCH = YES;
				CODE_SIGN_IDENTITY = "iPhone Developer";
				COPY_PHASE_STRIP = NO;
				DEBUG_INFORMATION_FORMAT = "dwarf-with-dsym";
				ENABLE_NS_ASSERTIONS = NO;
				ENABLE_STRICT_OBJC_MSGSEND = YES;
				GCC_C_LANGUAGE_STANDARD = gnu11;
				GCC_NO_COMMON_BLOCKS = YES;
				GCC_WARN_64_TO_32_BIT_CONVERSION = YES;
				GCC_WARN_ABOUT_RETURN_TYPE = YES_ERROR;
				GCC_WARN_UNDECLARED_SELECTOR = YES;
				GCC_WARN_UNINITIALIZED_AUTOS = YES_AGGRESSIVE;
				GCC_WARN_UNUSED_FUNCTION = YES;
				GCC_WARN_UNUSED_VARIABLE = YES;
				IPHONEOS_DEPLOYMENT_TARGET = 11.2;
				MTL_ENABLE_DEBUG_INFO = NO;
				SDKROOT = iphoneos;
				VALIDATE_PRODUCT = YES;
			};
			name = Release;
		};
		D203480021AB9070009DE1D4 /* Debug */ = {
			isa = XCBuildConfiguration;
			buildSettings = {
				ASSETCATALOG_COMPILER_APPICON_NAME = AppIcon;
				CODE_SIGN_STYLE = Automatic;
				INFOPLIST_FILE = "自定义layout/Info.plist";
				LD_RUNPATH_SEARCH_PATHS = "$(inherited) @executable_path/Frameworks";
				PRODUCT_BUNDLE_IDENTIFIER = "GZH.---layout";
				PRODUCT_NAME = "$(TARGET_NAME)";
				TARGETED_DEVICE_FAMILY = "1,2";
			};
			name = Debug;
		};
		D203480121AB9070009DE1D4 /* Release */ = {
			isa = XCBuildConfiguration;
			buildSettings = {
				ASSETCATALOG_COMPILER_APPICON_NAME = AppIcon;
				CODE_SIGN_STYLE = Automatic;
				INFOPLIST_FILE = "自定义layout/Info.plist";
				LD_RUNPATH_SEARCH_PATHS = "$(inherited) @executable_path/Frameworks";
				PRODUCT_BUNDLE_IDENTIFIER = "GZH.---layout";
				PRODUCT_NAME = "$(TARGET_NAME)";
				TARGETED_DEVICE_FAMILY = "1,2";
			};
			name = Release;
		};
		D203480321AB9070009DE1D4 /* Debug */ = {
			isa = XCBuildConfiguration;
			buildSettings = {
				BUNDLE_LOADER = "$(TEST_HOST)";
				CODE_SIGN_STYLE = Automatic;
				INFOPLIST_FILE = "自定义layoutTests/Info.plist";
				LD_RUNPATH_SEARCH_PATHS = "$(inherited) @executable_path/Frameworks @loader_path/Frameworks";
				PRODUCT_BUNDLE_IDENTIFIER = "GZH.---layoutTests";
				PRODUCT_NAME = "$(TARGET_NAME)";
				TARGETED_DEVICE_FAMILY = "1,2";
				TEST_HOST = "$(BUILT_PRODUCTS_DIR)/自定义layout.app/自定义layout";
			};
			name = Debug;
		};
		D203480421AB9070009DE1D4 /* Release */ = {
			isa = XCBuildConfiguration;
			buildSettings = {
				BUNDLE_LOADER = "$(TEST_HOST)";
				CODE_SIGN_STYLE = Automatic;
				INFOPLIST_FILE = "自定义layoutTests/Info.plist";
				LD_RUNPATH_SEARCH_PATHS = "$(inherited) @executable_path/Frameworks @loader_path/Frameworks";
				PRODUCT_BUNDLE_IDENTIFIER = "GZH.---layoutTests";
				PRODUCT_NAME = "$(TARGET_NAME)";
				TARGETED_DEVICE_FAMILY = "1,2";
				TEST_HOST = "$(BUILT_PRODUCTS_DIR)/自定义layout.app/自定义layout";
			};
			name = Release;
		};
		D203480621AB9070009DE1D4 /* Debug */ = {
			isa = XCBuildConfiguration;
			buildSettings = {
				CODE_SIGN_STYLE = Automatic;
				INFOPLIST_FILE = "自定义layoutUITests/Info.plist";
				LD_RUNPATH_SEARCH_PATHS = "$(inherited) @executable_path/Frameworks @loader_path/Frameworks";
				PRODUCT_BUNDLE_IDENTIFIER = "GZH.---layoutUITests";
				PRODUCT_NAME = "$(TARGET_NAME)";
				TARGETED_DEVICE_FAMILY = "1,2";
				TEST_TARGET_NAME = "自定义layout";
			};
			name = Debug;
		};
		D203480721AB9070009DE1D4 /* Release */ = {
			isa = XCBuildConfiguration;
			buildSettings = {
				CODE_SIGN_STYLE = Automatic;
				INFOPLIST_FILE = "自定义layoutUITests/Info.plist";
				LD_RUNPATH_SEARCH_PATHS = "$(inherited) @executable_path/Frameworks @loader_path/Frameworks";
				PRODUCT_BUNDLE_IDENTIFIER = "GZH.---layoutUITests";
				PRODUCT_NAME = "$(TARGET_NAME)";
				TARGETED_DEVICE_FAMILY = "1,2";
				TEST_TARGET_NAME = "自定义layout";
			};
			name = Release;
		};
/* End XCBuildConfiguration section */

/* Begin XCConfigurationList section */
		D20347CE21AB9070009DE1D4 /* Build configuration list for PBXProject "自定义layout" */ = {
			isa = XCConfigurationList;
			buildConfigurations = (
				D20347FD21AB9070009DE1D4 /* Debug */,
				D20347FE21AB9070009DE1D4 /* Release */,
			);
			defaultConfigurationIsVisible = 0;
			defaultConfigurationName = Release;
		};
		D20347FF21AB9070009DE1D4 /* Build configuration list for PBXNativeTarget "自定义layout" */ = {
			isa = XCConfigurationList;
			buildConfigurations = (
				D203480021AB9070009DE1D4 /* Debug */,
				D203480121AB9070009DE1D4 /* Release */,
			);
			defaultConfigurationIsVisible = 0;
			defaultConfigurationName = Release;
		};
		D203480221AB9070009DE1D4 /* Build configuration list for PBXNativeTarget "自定义layoutTests" */ = {
			isa = XCConfigurationList;
			buildConfigurations = (
				D203480321AB9070009DE1D4 /* Debug */,
				D203480421AB9070009DE1D4 /* Release */,
			);
			defaultConfigurationIsVisible = 0;
			defaultConfigurationName = Release;
		};
		D203480521AB9070009DE1D4 /* Build configuration list for PBXNativeTarget "自定义layoutUITests" */ = {
			isa = XCConfigurationList;
			buildConfigurations = (
				D203480621AB9070009DE1D4 /* Debug */,
				D203480721AB9070009DE1D4 /* Release */,
			);
			defaultConfigurationIsVisible = 0;
			defaultConfigurationName = Release;
		};
/* End XCConfigurationList section */
	};
	rootObject = D20347CB21AB9070009DE1D4 /* Project object */;
}
